// !$*UTF8*$!
{
	archiveVersion = 1;
	classes = {
	};
	objectVersion = 50;
	objects = {

/* Begin PBXBuildFile section */
		6CD7E79023683BFF00792FF1 /* AppDelegate.m in Sources */ = {isa = PBXBuildFile; fileRef = 6CD7E78F23683BFF00792FF1 /* AppDelegate.m */; };
		6CD7E79323683BFF00792FF1 /* AlbumsViewController.m in Sources */ = {isa = PBXBuildFile; fileRef = 6CD7E79223683BFF00792FF1 /* AlbumsViewController.m */; };
		6CD7E79623683BFF00792FF1 /* Main.storyboard in Resources */ = {isa = PBXBuildFile; fileRef = 6CD7E79423683BFF00792FF1 /* Main.storyboard */; };
		6CD7E79823683C0000792FF1 /* Assets.xcassets in Resources */ = {isa = PBXBuildFile; fileRef = 6CD7E79723683C0000792FF1 /* Assets.xcassets */; };
		6CD7E79B23683C0000792FF1 /* LaunchScreen.storyboard in Resources */ = {isa = PBXBuildFile; fileRef = 6CD7E79923683C0000792FF1 /* LaunchScreen.storyboard */; };
		6CD7E79E23683C0000792FF1 /* main.m in Sources */ = {isa = PBXBuildFile; fileRef = 6CD7E79D23683C0000792FF1 /* main.m */; };
		6CD7E7A823683C0100792FF1 /* SpotifyTestTests.m in Sources */ = {isa = PBXBuildFile; fileRef = 6CD7E7A723683C0100792FF1 /* SpotifyTestTests.m */; };
		6CD7E7B623683D2D00792FF1 /* APIClient.m in Sources */ = {isa = PBXBuildFile; fileRef = 6CD7E7B523683D2D00792FF1 /* APIClient.m */; };
		6CD7E7BB2368409000792FF1 /* AlbumTableCell.m in Sources */ = {isa = PBXBuildFile; fileRef = 6CD7E7B92368409000792FF1 /* AlbumTableCell.m */; };
		6CD7E7BC2368409000792FF1 /* AlbumTableCell.xib in Resources */ = {isa = PBXBuildFile; fileRef = 6CD7E7BA2368409000792FF1 /* AlbumTableCell.xib */; };
		6CD7E7BF236842BB00792FF1 /* AlbumModel.m in Sources */ = {isa = PBXBuildFile; fileRef = 6CD7E7BE236842BB00792FF1 /* AlbumModel.m */; };
		6CD7E7C2236846B400792FF1 /* AlbumsViewModel.m in Sources */ = {isa = PBXBuildFile; fileRef = 6CD7E7C1236846B400792FF1 /* AlbumsViewModel.m */; };
/* End PBXBuildFile section */

/* Begin PBXContainerItemProxy section */
		6CD7E7A423683C0100792FF1 /* PBXContainerItemProxy */ = {
			isa = PBXContainerItemProxy;
			containerPortal = 6CD7E78323683BFF00792FF1 /* Project object */;
			proxyType = 1;
			remoteGlobalIDString = 6CD7E78A23683BFF00792FF1;
			remoteInfo = SpotifyTest;
		};
/* End PBXContainerItemProxy section */

/* Begin PBXFileReference section */
		6CD7E78B23683BFF00792FF1 /* SpotifyTest.app */ = {isa = PBXFileReference; explicitFileType = wrapper.application; includeInIndex = 0; path = SpotifyTest.app; sourceTree = BUILT_PRODUCTS_DIR; };
		6CD7E78E23683BFF00792FF1 /* AppDelegate.h */ = {isa = PBXFileReference; lastKnownFileType = sourcecode.c.h; path = AppDelegate.h; sourceTree = "<group>"; };
		6CD7E78F23683BFF00792FF1 /* AppDelegate.m */ = {isa = PBXFileReference; lastKnownFileType = sourcecode.c.objc; path = AppDelegate.m; sourceTree = "<group>"; };
		6CD7E79123683BFF00792FF1 /* AlbumsViewController.h */ = {isa = PBXFileReference; lastKnownFileType = sourcecode.c.h; path = AlbumsViewController.h; sourceTree = "<group>"; };
		6CD7E79223683BFF00792FF1 /* AlbumsViewController.m */ = {isa = PBXFileReference; lastKnownFileType = sourcecode.c.objc; path = AlbumsViewController.m; sourceTree = "<group>"; };
		6CD7E79523683BFF00792FF1 /* Base */ = {isa = PBXFileReference; lastKnownFileType = file.storyboard; name = Base; path = Base.lproj/Main.storyboard; sourceTree = "<group>"; };
		6CD7E79723683C0000792FF1 /* Assets.xcassets */ = {isa = PBXFileReference; lastKnownFileType = folder.assetcatalog; path = Assets.xcassets; sourceTree = "<group>"; };
		6CD7E79A23683C0000792FF1 /* Base */ = {isa = PBXFileReference; lastKnownFileType = file.storyboard; name = Base; path = Base.lproj/LaunchScreen.storyboard; sourceTree = "<group>"; };
		6CD7E79C23683C0000792FF1 /* Info.plist */ = {isa = PBXFileReference; lastKnownFileType = text.plist.xml; path = Info.plist; sourceTree = "<group>"; };
		6CD7E79D23683C0000792FF1 /* main.m */ = {isa = PBXFileReference; lastKnownFileType = sourcecode.c.objc; path = main.m; sourceTree = "<group>"; };
		6CD7E7A323683C0100792FF1 /* SpotifyTestTests.xctest */ = {isa = PBXFileReference; explicitFileType = wrapper.cfbundle; includeInIndex = 0; path = SpotifyTestTests.xctest; sourceTree = BUILT_PRODUCTS_DIR; };
		6CD7E7A723683C0100792FF1 /* SpotifyTestTests.m */ = {isa = PBXFileReference; lastKnownFileType = sourcecode.c.objc; path = SpotifyTestTests.m; sourceTree = "<group>"; };
		6CD7E7A923683C0100792FF1 /* Info.plist */ = {isa = PBXFileReference; lastKnownFileType = text.plist.xml; path = Info.plist; sourceTree = "<group>"; };
		6CD7E7B423683D2D00792FF1 /* APIClient.h */ = {isa = PBXFileReference; lastKnownFileType = sourcecode.c.h; path = APIClient.h; sourceTree = "<group>"; };
		6CD7E7B523683D2D00792FF1 /* APIClient.m */ = {isa = PBXFileReference; lastKnownFileType = sourcecode.c.objc; path = APIClient.m; sourceTree = "<group>"; };
		6CD7E7B82368409000792FF1 /* AlbumTableCell.h */ = {isa = PBXFileReference; lastKnownFileType = sourcecode.c.h; path = AlbumTableCell.h; sourceTree = "<group>"; };
		6CD7E7B92368409000792FF1 /* AlbumTableCell.m */ = {isa = PBXFileReference; lastKnownFileType = sourcecode.c.objc; path = AlbumTableCell.m; sourceTree = "<group>"; };
		6CD7E7BA2368409000792FF1 /* AlbumTableCell.xib */ = {isa = PBXFileReference; lastKnownFileType = file.xib; path = AlbumTableCell.xib; sourceTree = "<group>"; };
		6CD7E7BD236842BB00792FF1 /* AlbumModel.h */ = {isa = PBXFileReference; lastKnownFileType = sourcecode.c.h; path = AlbumModel.h; sourceTree = "<group>"; };
		6CD7E7BE236842BB00792FF1 /* AlbumModel.m */ = {isa = PBXFileReference; lastKnownFileType = sourcecode.c.objc; path = AlbumModel.m; sourceTree = "<group>"; };
		6CD7E7C0236846B400792FF1 /* AlbumsViewModel.h */ = {isa = PBXFileReference; lastKnownFileType = sourcecode.c.h; path = AlbumsViewModel.h; sourceTree = "<group>"; };
		6CD7E7C1236846B400792FF1 /* AlbumsViewModel.m */ = {isa = PBXFileReference; lastKnownFileType = sourcecode.c.objc; path = AlbumsViewModel.m; sourceTree = "<group>"; };
/* End PBXFileReference section */

/* Begin PBXFrameworksBuildPhase section */
		6CD7E78823683BFF00792FF1 /* Frameworks */ = {
			isa = PBXFrameworksBuildPhase;
			buildActionMask = 2147483647;
			files = (
			);
			runOnlyForDeploymentPostprocessing = 0;
		};
		6CD7E7A023683C0100792FF1 /* Frameworks */ = {
			isa = PBXFrameworksBuildPhase;
			buildActionMask = 2147483647;
			files = (
			);
			runOnlyForDeploymentPostprocessing = 0;
		};
/* End PBXFrameworksBuildPhase section */

/* Begin PBXGroup section */
		6CD7E78223683BFF00792FF1 = {
			isa = PBXGroup;
			children = (
				6CD7E78D23683BFF00792FF1 /* SpotifyTest */,
				6CD7E7A623683C0100792FF1 /* SpotifyTestTests */,
				6CD7E78C23683BFF00792FF1 /* Products */,
			);
			sourceTree = "<group>";
		};
		6CD7E78C23683BFF00792FF1 /* Products */ = {
			isa = PBXGroup;
			children = (
				6CD7E78B23683BFF00792FF1 /* SpotifyTest.app */,
				6CD7E7A323683C0100792FF1 /* SpotifyTestTests.xctest */,
			);
			name = Products;
			sourceTree = "<group>";
		};
		6CD7E78D23683BFF00792FF1 /* SpotifyTest */ = {
			isa = PBXGroup;
			children = (
				6CD7E7B323683D1F00792FF1 /* network layer */,
				6CD7E7B223683C9A00792FF1 /* scene */,
				6CD7E78E23683BFF00792FF1 /* AppDelegate.h */,
				6CD7E78F23683BFF00792FF1 /* AppDelegate.m */,
				6CD7E79723683C0000792FF1 /* Assets.xcassets */,
				6CD7E79923683C0000792FF1 /* LaunchScreen.storyboard */,
				6CD7E79C23683C0000792FF1 /* Info.plist */,
				6CD7E79D23683C0000792FF1 /* main.m */,
			);
			path = SpotifyTest;
			sourceTree = "<group>";
		};
		6CD7E7A623683C0100792FF1 /* SpotifyTestTests */ = {
			isa = PBXGroup;
			children = (
				6CD7E7A723683C0100792FF1 /* SpotifyTestTests.m */,
				6CD7E7A923683C0100792FF1 /* Info.plist */,
			);
			path = SpotifyTestTests;
			sourceTree = "<group>";
		};
		6CD7E7B223683C9A00792FF1 /* scene */ = {
			isa = PBXGroup;
			children = (
				6CD7E7B72368407400792FF1 /* albums */,
			);
			path = scene;
			sourceTree = "<group>";
		};
		6CD7E7B323683D1F00792FF1 /* network layer */ = {
			isa = PBXGroup;
			children = (
				6CD7E7B423683D2D00792FF1 /* APIClient.h */,
				6CD7E7B523683D2D00792FF1 /* APIClient.m */,
			);
			path = "network layer";
			sourceTree = "<group>";
		};
		6CD7E7B72368407400792FF1 /* albums */ = {
			isa = PBXGroup;
			children = (
				6CD7E79423683BFF00792FF1 /* Main.storyboard */,
				6CD7E79123683BFF00792FF1 /* AlbumsViewController.h */,
				6CD7E79223683BFF00792FF1 /* AlbumsViewController.m */,
				6CD7E7C0236846B400792FF1 /* AlbumsViewModel.h */,
				6CD7E7C1236846B400792FF1 /* AlbumsViewModel.m */,
				6CD7E7B82368409000792FF1 /* AlbumTableCell.h */,
				6CD7E7B92368409000792FF1 /* AlbumTableCell.m */,
				6CD7E7BA2368409000792FF1 /* AlbumTableCell.xib */,
				6CD7E7BD236842BB00792FF1 /* AlbumModel.h */,
				6CD7E7BE236842BB00792FF1 /* AlbumModel.m */,
			);
			path = albums;
			sourceTree = "<group>";
		};
/* End PBXGroup section */

/* Begin PBXNativeTarget section */
		6CD7E78A23683BFF00792FF1 /* SpotifyTest */ = {
			isa = PBXNativeTarget;
			buildConfigurationList = 6CD7E7AC23683C0100792FF1 /* Build configuration list for PBXNativeTarget "SpotifyTest" */;
			buildPhases = (
				6CD7E78723683BFF00792FF1 /* Sources */,
				6CD7E78823683BFF00792FF1 /* Frameworks */,
				6CD7E78923683BFF00792FF1 /* Resources */,
			);
			buildRules = (
			);
			dependencies = (
			);
			name = SpotifyTest;
			productName = SpotifyTest;
			productReference = 6CD7E78B23683BFF00792FF1 /* SpotifyTest.app */;
			productType = "com.apple.product-type.application";
		};
		6CD7E7A223683C0100792FF1 /* SpotifyTestTests */ = {
			isa = PBXNativeTarget;
			buildConfigurationList = 6CD7E7AF23683C0100792FF1 /* Build configuration list for PBXNativeTarget "SpotifyTestTests" */;
			buildPhases = (
				6CD7E79F23683C0100792FF1 /* Sources */,
				6CD7E7A023683C0100792FF1 /* Frameworks */,
				6CD7E7A123683C0100792FF1 /* Resources */,
			);
			buildRules = (
			);
			dependencies = (
				6CD7E7A523683C0100792FF1 /* PBXTargetDependency */,
			);
			name = SpotifyTestTests;
			productName = SpotifyTestTests;
			productReference = 6CD7E7A323683C0100792FF1 /* SpotifyTestTests.xctest */;
			productType = "com.apple.product-type.bundle.unit-test";
		};
/* End PBXNativeTarget section */

/* Begin PBXProject section */
		6CD7E78323683BFF00792FF1 /* Project object */ = {
			isa = PBXProject;
			attributes = {
				LastUpgradeCheck = 1010;
				ORGANIZATIONNAME = abuzeid;
				TargetAttributes = {
					6CD7E78A23683BFF00792FF1 = {
						CreatedOnToolsVersion = 10.1;
					};
					6CD7E7A223683C0100792FF1 = {
						CreatedOnToolsVersion = 10.1;
						TestTargetID = 6CD7E78A23683BFF00792FF1;
					};
				};
			};
			buildConfigurationList = 6CD7E78623683BFF00792FF1 /* Build configuration list for PBXProject "SpotifyTest" */;
			compatibilityVersion = "Xcode 9.3";
			developmentRegion = en;
			hasScannedForEncodings = 0;
			knownRegions = (
				en,
				Base,
			);
			mainGroup = 6CD7E78223683BFF00792FF1;
			productRefGroup = 6CD7E78C23683BFF00792FF1 /* Products */;
			projectDirPath = "";
			projectRoot = "";
			targets = (
				6CD7E78A23683BFF00792FF1 /* SpotifyTest */,
				6CD7E7A223683C0100792FF1 /* SpotifyTestTests */,
			);
		};
/* End PBXProject section */

/* Begin PBXResourcesBuildPhase section */
		6CD7E78923683BFF00792FF1 /* Resources */ = {
			isa = PBXResourcesBuildPhase;
			buildActionMask = 2147483647;
			files = (
				6CD7E7BC2368409000792FF1 /* AlbumTableCell.xib in Resources */,
				6CD7E79B23683C0000792FF1 /* LaunchScreen.storyboard in Resources */,
				6CD7E79823683C0000792FF1 /* Assets.xcassets in Resources */,
				6CD7E79623683BFF00792FF1 /* Main.storyboard in Resources */,
			);
			runOnlyForDeploymentPostprocessing = 0;
		};
		6CD7E7A123683C0100792FF1 /* Resources */ = {
			isa = PBXResourcesBuildPhase;
			buildActionMask = 2147483647;
			files = (
			);
			runOnlyForDeploymentPostprocessing = 0;
		};
/* End PBXResourcesBuildPhase section */

/* Begin PBXSourcesBuildPhase section */
		6CD7E78723683BFF00792FF1 /* Sources */ = {
			isa = PBXSourcesBuildPhase;
			buildActionMask = 2147483647;
			files = (
				6CD7E79323683BFF00792FF1 /* AlbumsViewController.m in Sources */,
				6CD7E79E23683C0000792FF1 /* main.m in Sources */,
				6CD7E79023683BFF00792FF1 /* AppDelegate.m in Sources */,
				6CD7E7B623683D2D00792FF1 /* APIClient.m in Sources */,
				6CD7E7BB2368409000792FF1 /* AlbumTableCell.m in Sources */,
				6CD7E7BF236842BB00792FF1 /* AlbumModel.m in Sources */,
				6CD7E7C2236846B400792FF1 /* AlbumsViewModel.m in Sources */,
			);
			runOnlyForDeploymentPostprocessing = 0;
		};
		6CD7E79F23683C0100792FF1 /* Sources */ = {
			isa = PBXSourcesBuildPhase;
			buildActionMask = 2147483647;
			files = (
				6CD7E7A823683C0100792FF1 /* SpotifyTestTests.m in Sources */,
			);
			runOnlyForDeploymentPostprocessing = 0;
		};
/* End PBXSourcesBuildPhase section */

/* Begin PBXTargetDependency section */
		6CD7E7A523683C0100792FF1 /* PBXTargetDependency */ = {
			isa = PBXTargetDependency;
			target = 6CD7E78A23683BFF00792FF1 /* SpotifyTest */;
			targetProxy = 6CD7E7A423683C0100792FF1 /* PBXContainerItemProxy */;
		};
/* End PBXTargetDependency section */

/* Begin PBXVariantGroup section */
		6CD7E79423683BFF00792FF1 /* Main.storyboard */ = {
			isa = PBXVariantGroup;
			children = (
				6CD7E79523683BFF00792FF1 /* Base */,
			);
			name = Main.storyboard;
			sourceTree = "<group>";
		};
		6CD7E79923683C0000792FF1 /* LaunchScreen.storyboard */ = {
			isa = PBXVariantGroup;
			children = (
				6CD7E79A23683C0000792FF1 /* Base */,
			);
			name = LaunchScreen.storyboard;
			sourceTree = "<group>";
		};
/* End PBXVariantGroup section */

/* Begin XCBuildConfiguration section */
		6CD7E7AA23683C0100792FF1 /* Debug */ = {
			isa = XCBuildConfiguration;
			buildSettings = {
				ALWAYS_SEARCH_USER_PATHS = NO;
				CLANG_ANALYZER_NONNULL = YES;
				CLANG_ANALYZER_NUMBER_OBJECT_CONVERSION = YES_AGGRESSIVE;
				CLANG_CXX_LANGUAGE_STANDARD = "gnu++14";
				CLANG_CXX_LIBRARY = "libc++";
				CLANG_ENABLE_MODULES = YES;
				CLANG_ENABLE_OBJC_ARC = YES;
				CLANG_ENABLE_OBJC_WEAK = YES;
				CLANG_WARN_BLOCK_CAPTURE_AUTORELEASING = YES;
				CLANG_WARN_BOOL_CONVERSION = YES;
				CLANG_WARN_COMMA = YES;
				CLANG_WARN_CONSTANT_CONVERSION = YES;
				CLANG_WARN_DEPRECATED_OBJC_IMPLEMENTATIONS = YES;
				CLANG_WARN_DIRECT_OBJC_ISA_USAGE = YES_ERROR;
				CLANG_WARN_DOCUMENTATION_COMMENTS = YES;
				CLANG_WARN_EMPTY_BODY = YES;
				CLANG_WARN_ENUM_CONVERSION = YES;
				CLANG_WARN_INFINITE_RECURSION = YES;
				CLANG_WARN_INT_CONVERSION = YES;
				CLANG_WARN_NON_LITERAL_NULL_CONVERSION = YES;
				CLANG_WARN_OBJC_IMPLICIT_RETAIN_SELF = YES;
				CLANG_WARN_OBJC_LITERAL_CONVERSION = YES;
				CLANG_WARN_OBJC_ROOT_CLASS = YES_ERROR;
				CLANG_WARN_RANGE_LOOP_ANALYSIS = YES;
				CLANG_WARN_STRICT_PROTOTYPES = YES;
				CLANG_WARN_SUSPICIOUS_MOVE = YES;
				CLANG_WARN_UNGUARDED_AVAILABILITY = YES_AGGRESSIVE;
				CLANG_WARN_UNREACHABLE_CODE = YES;
				CLANG_WARN__DUPLICATE_METHOD_MATCH = YES;
				CODE_SIGN_IDENTITY = "iPhone Developer";
				COPY_PHASE_STRIP = NO;
				DEBUG_INFORMATION_FORMAT = dwarf;
				ENABLE_STRICT_OBJC_MSGSEND = YES;
				ENABLE_TESTABILITY = YES;
				GCC_C_LANGUAGE_STANDARD = gnu11;
				GCC_DYNAMIC_NO_PIC = NO;
				GCC_NO_COMMON_BLOCKS = YES;
				GCC_OPTIMIZATION_LEVEL = 0;
				GCC_PREPROCESSOR_DEFINITIONS = (
					"DEBUG=1",
					"$(inherited)",
				);
				GCC_WARN_64_TO_32_BIT_CONVERSION = YES;
				GCC_WARN_ABOUT_RETURN_TYPE = YES_ERROR;
				GCC_WARN_UNDECLARED_SELECTOR = YES;
				GCC_WARN_UNINITIALIZED_AUTOS = YES_AGGRESSIVE;
				GCC_WARN_UNUSED_FUNCTION = YES;
				GCC_WARN_UNUSED_VARIABLE = YES;
				IPHONEOS_DEPLOYMENT_TARGET = 12.1;
				MTL_ENABLE_DEBUG_INFO = INCLUDE_SOURCE;
				MTL_FAST_MATH = YES;
				ONLY_ACTIVE_ARCH = YES;
				SDKROOT = iphoneos;
			};
			name = Debug;
		};
		6CD7E7AB23683C0100792FF1 /* Release */ = {
			isa = XCBuildConfiguration;
			buildSettings = {
				ALWAYS_SEARCH_USER_PATHS = NO;
				CLANG_ANALYZER_NONNULL = YES;
				CLANG_ANALYZER_NUMBER_OBJECT_CONVERSION = YES_AGGRESSIVE;
				CLANG_CXX_LANGUAGE_STANDARD = "gnu++14";
				CLANG_CXX_LIBRARY = "libc++";
				CLANG_ENABLE_MODULES = YES;
				CLANG_ENABLE_OBJC_ARC = YES;
				CLANG_ENABLE_OBJC_WEAK = YES;
				CLANG_WARN_BLOCK_CAPTURE_AUTORELEASING = YES;
				CLANG_WARN_BOOL_CONVERSION = YES;
				CLANG_WARN_COMMA = YES;
				CLANG_WARN_CONSTANT_CONVERSION = YES;
				CLANG_WARN_DEPRECATED_OBJC_IMPLEMENTATIONS = YES;
				CLANG_WARN_DIRECT_OBJC_ISA_USAGE = YES_ERROR;
				CLANG_WARN_DOCUMENTATION_COMMENTS = YES;
				CLANG_WARN_EMPTY_BODY = YES;
				CLANG_WARN_ENUM_CONVERSION = YES;
				CLANG_WARN_INFINITE_RECURSION = YES;
				CLANG_WARN_INT_CONVERSION = YES;
				CLANG_WARN_NON_LITERAL_NULL_CONVERSION = YES;
				CLANG_WARN_OBJC_IMPLICIT_RETAIN_SELF = YES;
				CLANG_WARN_OBJC_LITERAL_CONVERSION = YES;
				CLANG_WARN_OBJC_ROOT_CLASS = YES_ERROR;
				CLANG_WARN_RANGE_LOOP_ANALYSIS = YES;
				CLANG_WARN_STRICT_PROTOTYPES = YES;
				CLANG_WARN_SUSPICIOUS_MOVE = YES;
				CLANG_WARN_UNGUARDED_AVAILABILITY = YES_AGGRESSIVE;
				CLANG_WARN_UNREACHABLE_CODE = YES;
				CLANG_WARN__DUPLICATE_METHOD_MATCH = YES;
				CODE_SIGN_IDENTITY = "iPhone Developer";
				COPY_PHASE_STRIP = NO;
				DEBUG_INFORMATION_FORMAT = "dwarf-with-dsym";
				ENABLE_NS_ASSERTIONS = NO;
				ENABLE_STRICT_OBJC_MSGSEND = YES;
				GCC_C_LANGUAGE_STANDARD = gnu11;
				GCC_NO_COMMON_BLOCKS = YES;
				GCC_WARN_64_TO_32_BIT_CONVERSION = YES;
				GCC_WARN_ABOUT_RETURN_TYPE = YES_ERROR;
				GCC_WARN_UNDECLARED_SELECTOR = YES;
				GCC_WARN_UNINITIALIZED_AUTOS = YES_AGGRESSIVE;
				GCC_WARN_UNUSED_FUNCTION = YES;
				GCC_WARN_UNUSED_VARIABLE = YES;
				IPHONEOS_DEPLOYMENT_TARGET = 12.1;
				MTL_ENABLE_DEBUG_INFO = NO;
				MTL_FAST_MATH = YES;
				SDKROOT = iphoneos;
				VALIDATE_PRODUCT = YES;
			};
			name = Release;
		};
		6CD7E7AD23683C0100792FF1 /* Debug */ = {
			isa = XCBuildConfiguration;
			buildSettings = {
				ASSETCATALOG_COMPILER_APPICON_NAME = AppIcon;
				CODE_SIGN_STYLE = Automatic;
				INFOPLIST_FILE = SpotifyTest/Info.plist;
				LD_RUNPATH_SEARCH_PATHS = (
					"$(inherited)",
					"@executable_path/Frameworks",
				);
				PRODUCT_BUNDLE_IDENTIFIER = abuzeid.SpotifyTest;
				PRODUCT_NAME = "$(TARGET_NAME)";
				TARGETED_DEVICE_FAMILY = "1,2";
			};
			name = Debug;
		};
		6CD7E7AE23683C0100792FF1 /* Release */ = {
			isa = XCBuildConfiguration;
			buildSettings = {
				ASSETCATALOG_COMPILER_APPICON_NAME = AppIcon;
				CODE_SIGN_STYLE = Automatic;
				INFOPLIST_FILE = SpotifyTest/Info.plist;
				LD_RUNPATH_SEARCH_PATHS = (
					"$(inherited)",
					"@executable_path/Frameworks",
				);
				PRODUCT_BUNDLE_IDENTIFIER = abuzeid.SpotifyTest;
				PRODUCT_NAME = "$(TARGET_NAME)";
				TARGETED_DEVICE_FAMILY = "1,2";
			};
			name = Release;
		};
		6CD7E7B023683C0100792FF1 /* Debug */ = {
			isa = XCBuildConfiguration;
			buildSettings = {
				BUNDLE_LOADER = "$(TEST_HOST)";
				CODE_SIGN_STYLE = Automatic;
				INFOPLIST_FILE = SpotifyTestTests/Info.plist;
				LD_RUNPATH_SEARCH_PATHS = (
					"$(inherited)",
					"@executable_path/Frameworks",
					"@loader_path/Frameworks",
				);
				PRODUCT_BUNDLE_IDENTIFIER = abuzeid.SpotifyTestTests;
				PRODUCT_NAME = "$(TARGET_NAME)";
				TARGETED_DEVICE_FAMILY = "1,2";
				TEST_HOST = "$(BUILT_PRODUCTS_DIR)/SpotifyTest.app/SpotifyTest";
			};
			name = Debug;
		};
		6CD7E7B123683C0100792FF1 /* Release */ = {
			isa = XCBuildConfiguration;
			buildSettings = {
				BUNDLE_LOADER = "$(TEST_HOST)";
				CODE_SIGN_STYLE = Automatic;
				INFOPLIST_FILE = SpotifyTestTests/Info.plist;
				LD_RUNPATH_SEARCH_PATHS = (
					"$(inherited)",
					"@executable_path/Frameworks",
					"@loader_path/Frameworks",
				);
				PRODUCT_BUNDLE_IDENTIFIER = abuzeid.SpotifyTestTests;
				PRODUCT_NAME = "$(TARGET_NAME)";
				TARGETED_DEVICE_FAMILY = "1,2";
				TEST_HOST = "$(BUILT_PRODUCTS_DIR)/SpotifyTest.app/SpotifyTest";
			};
			name = Release;
		};
/* End XCBuildConfiguration section */

/* Begin XCConfigurationList section */
		6CD7E78623683BFF00792FF1 /* Build configuration list for PBXProject "SpotifyTest" */ = {
			isa = XCConfigurationList;
			buildConfigurations = (
				6CD7E7AA23683C0100792FF1 /* Debug */,
				6CD7E7AB23683C0100792FF1 /* Release */,
			);
			defaultConfigurationIsVisible = 0;
			defaultConfigurationName = Release;
		};
		6CD7E7AC23683C0100792FF1 /* Build configuration list for PBXNativeTarget "SpotifyTest" */ = {
			isa = XCConfigurationList;
			buildConfigurations = (
				6CD7E7AD23683C0100792FF1 /* Debug */,
				6CD7E7AE23683C0100792FF1 /* Release */,
			);
			defaultConfigurationIsVisible = 0;
			defaultConfigurationName = Release;
		};
		6CD7E7AF23683C0100792FF1 /* Build configuration list for PBXNativeTarget "SpotifyTestTests" */ = {
			isa = XCConfigurationList;
			buildConfigurations = (
				6CD7E7B023683C0100792FF1 /* Debug */,
				6CD7E7B123683C0100792FF1 /* Release */,
			);
			defaultConfigurationIsVisible = 0;
			defaultConfigurationName = Release;
		};
/* End XCConfigurationList section */
	};
	rootObject = 6CD7E78323683BFF00792FF1 /* Project object */;
}
